
Microsoft Visual Studio Solution File, Format Version 12.00
# Visual Studio 14
VisualStudioVersion = 14.0.25420.1
MinimumVisualStudioVersion = 10.0.40219.1
Project("{FAE04EC0-301F-11D3-BF4B-00C04F79EFBC}") = "PowerLF.Runner", "PowerLF.Console\PowerLF.Runner.csproj", "{036FC0A6-0736-47F9-B9F3-8D647ACAD864}"
EndProject
Project("{FAE04EC0-301F-11D3-BF4B-00C04F79EFBC}") = "PowerLF.Powershell", "PowerLF.Powershell\PowerLF.Powershell.csproj", "{4DFC12D9-BE32-433F-B950-E57C4DA18C09}"
EndProject
Project("{FAE04EC0-301F-11D3-BF4B-00C04F79EFBC}") = "PowerLF.API", "PowerLF.API\PowerLF.API.csproj", "{D827BF08-0E4F-4321-ABDE-58ED20A6E08A}"
EndProject
Project("{FAE04EC0-301F-11D3-BF4B-00C04F79EFBC}") = "PowerLF.WorkflowApi", "PowerLF.WorkflowApi\PowerLF.WorkflowApi.csproj", "{DD383F25-0236-4E61-8B9A-918D622EF4E9}"
EndProject
Project("{FAE04EC0-301F-11D3-BF4B-00C04F79EFBC}") = "PowerLF.LicenseManagerApi", "PowerLF.LicenseManagerApi\PowerLF.LicenseManagerApi.csproj", "{CC84E87C-AF93-42B8-B7FF-5DD56CD7C435}"
EndProject
Project("{930C7802-8A8C-48F9-8165-68863BCCD9DD}") = "PowerLF.Installer", "PowerLF.Installer\PowerLF.Installer.wixproj", "{936173C0-B7BC-454E-BF7B-F9FB37D53FBE}"
EndProject
Project("{FAE04EC0-301F-11D3-BF4B-00C04F79EFBC}") = "PowerLFRepository", "PowerLFRepository\PowerLFRepository.csproj", "{ED85A0D4-3812-497D-9594-D39848595B85}"
EndProject
Project("{FAE04EC0-301F-11D3-BF4B-00C04F79EFBC}") = "PowerLFLicensing", "PowerLFLicensing\PowerLFLicensing.csproj", "{8F0D85EB-999D-440D-813E-BF233E888B71}"
EndProject
Project("{FAE04EC0-301F-11D3-BF4B-00C04F79EFBC}") = "PowerLFServer", "PowerLFServer\PowerLFServer.csproj", "{F5AB4DEA-0D2C-4B55-BDFF-FAEF5F982518}"
EndProject
Project("{FAE04EC0-301F-11D3-BF4B-00C04F79EFBC}") = "PowerLFWorkflow", "PowerLFWorkflow\PowerLFWorkflow.csproj", "{6AB0DFCF-4A72-4BC4-9188-EB4EB2766B40}"
EndProject
Global
	GlobalSection(SolutionConfigurationPlatforms) = preSolution
		Debug|Any CPU = Debug|Any CPU
		Debug|x64 = Debug|x64
		Debug|x86 = Debug|x86
		Release|Any CPU = Release|Any CPU
		Release|x64 = Release|x64
		Release|x86 = Release|x86
	EndGlobalSection
	GlobalSection(ProjectConfigurationPlatforms) = postSolution
		{036FC0A6-0736-47F9-B9F3-8D647ACAD864}.Debug|Any CPU.ActiveCfg = Debug|Any CPU
		{036FC0A6-0736-47F9-B9F3-8D647ACAD864}.Debug|Any CPU.Build.0 = Debug|Any CPU
		{036FC0A6-0736-47F9-B9F3-8D647ACAD864}.Debug|x64.ActiveCfg = Debug|Any CPU
		{036FC0A6-0736-47F9-B9F3-8D647ACAD864}.Debug|x64.Build.0 = Debug|Any CPU
		{036FC0A6-0736-47F9-B9F3-8D647ACAD864}.Debug|x86.ActiveCfg = Debug|Any CPU
		{036FC0A6-0736-47F9-B9F3-8D647ACAD864}.Debug|x86.Build.0 = Debug|Any CPU
		{036FC0A6-0736-47F9-B9F3-8D647ACAD864}.Release|Any CPU.ActiveCfg = Release|Any CPU
		{036FC0A6-0736-47F9-B9F3-8D647ACAD864}.Release|Any CPU.Build.0 = Release|Any CPU
		{036FC0A6-0736-47F9-B9F3-8D647ACAD864}.Release|x64.ActiveCfg = Release|Any CPU
		{036FC0A6-0736-47F9-B9F3-8D647ACAD864}.Release|x64.Build.0 = Release|Any CPU
		{036FC0A6-0736-47F9-B9F3-8D647ACAD864}.Release|x86.ActiveCfg = Release|Any CPU
		{036FC0A6-0736-47F9-B9F3-8D647ACAD864}.Release|x86.Build.0 = Release|Any CPU
		{4DFC12D9-BE32-433F-B950-E57C4DA18C09}.Debug|Any CPU.ActiveCfg = Debug|Any CPU
		{4DFC12D9-BE32-433F-B950-E57C4DA18C09}.Debug|Any CPU.Build.0 = Debug|Any CPU
		{4DFC12D9-BE32-433F-B950-E57C4DA18C09}.Debug|x64.ActiveCfg = Debug|Any CPU
		{4DFC12D9-BE32-433F-B950-E57C4DA18C09}.Debug|x64.Build.0 = Debug|Any CPU
		{4DFC12D9-BE32-433F-B950-E57C4DA18C09}.Debug|x86.ActiveCfg = Debug|Any CPU
		{4DFC12D9-BE32-433F-B950-E57C4DA18C09}.Debug|x86.Build.0 = Debug|Any CPU
		{4DFC12D9-BE32-433F-B950-E57C4DA18C09}.Release|Any CPU.ActiveCfg = Release|Any CPU
		{4DFC12D9-BE32-433F-B950-E57C4DA18C09}.Release|Any CPU.Build.0 = Release|Any CPU
		{4DFC12D9-BE32-433F-B950-E57C4DA18C09}.Release|x64.ActiveCfg = Release|Any CPU
		{4DFC12D9-BE32-433F-B950-E57C4DA18C09}.Release|x64.Build.0 = Release|Any CPU
		{4DFC12D9-BE32-433F-B950-E57C4DA18C09}.Release|x86.ActiveCfg = Release|Any CPU
		{4DFC12D9-BE32-433F-B950-E57C4DA18C09}.Release|x86.Build.0 = Release|Any CPU
		{D827BF08-0E4F-4321-ABDE-58ED20A6E08A}.Debug|Any CPU.ActiveCfg = Debug|Any CPU
		{D827BF08-0E4F-4321-ABDE-58ED20A6E08A}.Debug|Any CPU.Build.0 = Debug|Any CPU
		{D827BF08-0E4F-4321-ABDE-58ED20A6E08A}.Debug|x64.ActiveCfg = Debug|Any CPU
		{D827BF08-0E4F-4321-ABDE-58ED20A6E08A}.Debug|x64.Build.0 = Debug|Any CPU
		{D827BF08-0E4F-4321-ABDE-58ED20A6E08A}.Debug|x86.ActiveCfg = Debug|Any CPU
		{D827BF08-0E4F-4321-ABDE-58ED20A6E08A}.Debug|x86.Build.0 = Debug|Any CPU
		{D827BF08-0E4F-4321-ABDE-58ED20A6E08A}.Release|Any CPU.ActiveCfg = Release|Any CPU
		{D827BF08-0E4F-4321-ABDE-58ED20A6E08A}.Release|Any CPU.Build.0 = Release|Any CPU
		{D827BF08-0E4F-4321-ABDE-58ED20A6E08A}.Release|x64.ActiveCfg = Release|Any CPU
		{D827BF08-0E4F-4321-ABDE-58ED20A6E08A}.Release|x64.Build.0 = Release|Any CPU
		{D827BF08-0E4F-4321-ABDE-58ED20A6E08A}.Release|x86.ActiveCfg = Release|Any CPU
		{D827BF08-0E4F-4321-ABDE-58ED20A6E08A}.Release|x86.Build.0 = Release|Any CPU
		{DD383F25-0236-4E61-8B9A-918D622EF4E9}.Debug|Any CPU.ActiveCfg = Debug|Any CPU
		{DD383F25-0236-4E61-8B9A-918D622EF4E9}.Debug|Any CPU.Build.0 = Debug|Any CPU
		{DD383F25-0236-4E61-8B9A-918D622EF4E9}.Debug|x64.ActiveCfg = Debug|Any CPU
		{DD383F25-0236-4E61-8B9A-918D622EF4E9}.Debug|x64.Build.0 = Debug|Any CPU
		{DD383F25-0236-4E61-8B9A-918D622EF4E9}.Debug|x86.ActiveCfg = Debug|Any CPU
		{DD383F25-0236-4E61-8B9A-918D622EF4E9}.Debug|x86.Build.0 = Debug|Any CPU
		{DD383F25-0236-4E61-8B9A-918D622EF4E9}.Release|Any CPU.ActiveCfg = Release|Any CPU
		{DD383F25-0236-4E61-8B9A-918D622EF4E9}.Release|Any CPU.Build.0 = Release|Any CPU
		{DD383F25-0236-4E61-8B9A-918D622EF4E9}.Release|x64.ActiveCfg = Release|Any CPU
		{DD383F25-0236-4E61-8B9A-918D622EF4E9}.Release|x64.Build.0 = Release|Any CPU
		{DD383F25-0236-4E61-8B9A-918D622EF4E9}.Release|x86.ActiveCfg = Release|Any CPU
		{DD383F25-0236-4E61-8B9A-918D622EF4E9}.Release|x86.Build.0 = Release|Any CPU
		{CC84E87C-AF93-42B8-B7FF-5DD56CD7C435}.Debug|Any CPU.ActiveCfg = Debug|Any CPU
		{CC84E87C-AF93-42B8-B7FF-5DD56CD7C435}.Debug|Any CPU.Build.0 = Debug|Any CPU
		{CC84E87C-AF93-42B8-B7FF-5DD56CD7C435}.Debug|x64.ActiveCfg = Debug|Any CPU
		{CC84E87C-AF93-42B8-B7FF-5DD56CD7C435}.Debug|x64.Build.0 = Debug|Any CPU
		{CC84E87C-AF93-42B8-B7FF-5DD56CD7C435}.Debug|x86.ActiveCfg = Debug|Any CPU
		{CC84E87C-AF93-42B8-B7FF-5DD56CD7C435}.Debug|x86.Build.0 = Debug|Any CPU
		{CC84E87C-AF93-42B8-B7FF-5DD56CD7C435}.Release|Any CPU.ActiveCfg = Release|Any CPU
		{CC84E87C-AF93-42B8-B7FF-5DD56CD7C435}.Release|Any CPU.Build.0 = Release|Any CPU
		{CC84E87C-AF93-42B8-B7FF-5DD56CD7C435}.Release|x64.ActiveCfg = Release|Any CPU
		{CC84E87C-AF93-42B8-B7FF-5DD56CD7C435}.Release|x64.Build.0 = Release|Any CPU
		{CC84E87C-AF93-42B8-B7FF-5DD56CD7C435}.Release|x86.ActiveCfg = Release|Any CPU
		{CC84E87C-AF93-42B8-B7FF-5DD56CD7C435}.Release|x86.Build.0 = Release|Any CPU
		{936173C0-B7BC-454E-BF7B-F9FB37D53FBE}.Debug|Any CPU.ActiveCfg = Debug|x86
		{936173C0-B7BC-454E-BF7B-F9FB37D53FBE}.Debug|Any CPU.Build.0 = Debug|x86
		{936173C0-B7BC-454E-BF7B-F9FB37D53FBE}.Debug|x64.ActiveCfg = Debug|x64
		{936173C0-B7BC-454E-BF7B-F9FB37D53FBE}.Debug|x64.Build.0 = Debug|x64
		{936173C0-B7BC-454E-BF7B-F9FB37D53FBE}.Debug|x86.ActiveCfg = Debug|x86
		{936173C0-B7BC-454E-BF7B-F9FB37D53FBE}.Debug|x86.Build.0 = Debug|x86
		{936173C0-B7BC-454E-BF7B-F9FB37D53FBE}.Release|Any CPU.ActiveCfg = Release|x86
		{936173C0-B7BC-454E-BF7B-F9FB37D53FBE}.Release|x64.ActiveCfg = Release|x64
		{936173C0-B7BC-454E-BF7B-F9FB37D53FBE}.Release|x64.Build.0 = Release|x64
		{936173C0-B7BC-454E-BF7B-F9FB37D53FBE}.Release|x86.ActiveCfg = Release|x86
		{936173C0-B7BC-454E-BF7B-F9FB37D53FBE}.Release|x86.Build.0 = Release|x86
		{ED85A0D4-3812-497D-9594-D39848595B85}.Debug|Any CPU.ActiveCfg = Debug|Any CPU
		{ED85A0D4-3812-497D-9594-D39848595B85}.Debug|Any CPU.Build.0 = Debug|Any CPU
		{ED85A0D4-3812-497D-9594-D39848595B85}.Debug|x64.ActiveCfg = Debug|x64
		{ED85A0D4-3812-497D-9594-D39848595B85}.Debug|x64.Build.0 = Debug|x64
		{ED85A0D4-3812-497D-9594-D39848595B85}.Debug|x86.ActiveCfg = Debug|Any CPU
		{ED85A0D4-3812-497D-9594-D39848595B85}.Debug|x86.Build.0 = Debug|Any CPU
		{ED85A0D4-3812-497D-9594-D39848595B85}.Release|Any CPU.ActiveCfg = Release|Any CPU
		{ED85A0D4-3812-497D-9594-D39848595B85}.Release|Any CPU.Build.0 = Release|Any CPU
		{ED85A0D4-3812-497D-9594-D39848595B85}.Release|x64.ActiveCfg = Release|x64
		{ED85A0D4-3812-497D-9594-D39848595B85}.Release|x64.Build.0 = Release|x64
		{ED85A0D4-3812-497D-9594-D39848595B85}.Release|x86.ActiveCfg = Release|Any CPU
		{ED85A0D4-3812-497D-9594-D39848595B85}.Release|x86.Build.0 = Release|Any CPU
		{8F0D85EB-999D-440D-813E-BF233E888B71}.Debug|Any CPU.ActiveCfg = Debug|Any CPU
		{8F0D85EB-999D-440D-813E-BF233E888B71}.Debug|Any CPU.Build.0 = Debug|Any CPU
		{8F0D85EB-999D-440D-813E-BF233E888B71}.Debug|x64.ActiveCfg = Debug|x64
		{8F0D85EB-999D-440D-813E-BF233E888B71}.Debug|x64.Build.0 = Debug|x64
		{8F0D85EB-999D-440D-813E-BF233E888B71}.Debug|x86.ActiveCfg = Debug|Any CPU
		{8F0D85EB-999D-440D-813E-BF233E888B71}.Debug|x86.Build.0 = Debug|Any CPU
		{8F0D85EB-999D-440D-813E-BF233E888B71}.Release|Any CPU.ActiveCfg = Release|Any CPU
		{8F0D85EB-999D-440D-813E-BF233E888B71}.Release|Any CPU.Build.0 = Release|Any CPU
		{8F0D85EB-999D-440D-813E-BF233E888B71}.Release|x64.ActiveCfg = Release|x64
		{8F0D85EB-999D-440D-813E-BF233E888B71}.Release|x64.Build.0 = Release|x64
		{8F0D85EB-999D-440D-813E-BF233E888B71}.Release|x86.ActiveCfg = Release|Any CPU
		{8F0D85EB-999D-440D-813E-BF233E888B71}.Release|x86.Build.0 = Release|Any CPU
		{F5AB4DEA-0D2C-4B55-BDFF-FAEF5F982518}.Debug|Any CPU.ActiveCfg = Debug|Any CPU
		{F5AB4DEA-0D2C-4B55-BDFF-FAEF5F982518}.Debug|Any CPU.Build.0 = Debug|Any CPU
		{F5AB4DEA-0D2C-4B55-BDFF-FAEF5F982518}.Debug|x64.ActiveCfg = Debug|x64
		{F5AB4DEA-0D2C-4B55-BDFF-FAEF5F982518}.Debug|x64.Build.0 = Debug|x64
		{F5AB4DEA-0D2C-4B55-BDFF-FAEF5F982518}.Debug|x86.ActiveCfg = Debug|Any CPU
		{F5AB4DEA-0D2C-4B55-BDFF-FAEF5F982518}.Debug|x86.Build.0 = Debug|Any CPU
		{F5AB4DEA-0D2C-4B55-BDFF-FAEF5F982518}.Release|Any CPU.ActiveCfg = Release|Any CPU
		{F5AB4DEA-0D2C-4B55-BDFF-FAEF5F982518}.Release|Any CPU.Build.0 = Release|Any CPU
		{F5AB4DEA-0D2C-4B55-BDFF-FAEF5F982518}.Release|x64.ActiveCfg = Release|x64
		{F5AB4DEA-0D2C-4B55-BDFF-FAEF5F982518}.Release|x64.Build.0 = Release|x64
		{F5AB4DEA-0D2C-4B55-BDFF-FAEF5F982518}.Release|x86.ActiveCfg = Release|Any CPU
		{F5AB4DEA-0D2C-4B55-BDFF-FAEF5F982518}.Release|x86.Build.0 = Release|Any CPU
		{6AB0DFCF-4A72-4BC4-9188-EB4EB2766B40}.Debug|Any CPU.ActiveCfg = Debug|Any CPU
		{6AB0DFCF-4A72-4BC4-9188-EB4EB2766B40}.Debug|Any CPU.Build.0 = Debug|Any CPU
		{6AB0DFCF-4A72-4BC4-9188-EB4EB2766B40}.Debug|x64.ActiveCfg = Debug|Any CPU
		{6AB0DFCF-4A72-4BC4-9188-EB4EB2766B40}.Debug|x64.Build.0 = Debug|Any CPU
		{6AB0DFCF-4A72-4BC4-9188-EB4EB2766B40}.Debug|x86.ActiveCfg = Debug|Any CPU
		{6AB0DFCF-4A72-4BC4-9188-EB4EB2766B40}.Debug|x86.Build.0 = Debug|Any CPU
		{6AB0DFCF-4A72-4BC4-9188-EB4EB2766B40}.Release|Any CPU.ActiveCfg = Release|Any CPU
		{6AB0DFCF-4A72-4BC4-9188-EB4EB2766B40}.Release|Any CPU.Build.0 = Release|Any CPU
		{6AB0DFCF-4A72-4BC4-9188-EB4EB2766B40}.Release|x64.ActiveCfg = Release|Any CPU
		{6AB0DFCF-4A72-4BC4-9188-EB4EB2766B40}.Release|x64.Build.0 = Release|Any CPU
		{6AB0DFCF-4A72-4BC4-9188-EB4EB2766B40}.Release|x86.ActiveCfg = Release|Any CPU
		{6AB0DFCF-4A72-4BC4-9188-EB4EB2766B40}.Release|x86.Build.0 = Release|Any CPU
	EndGlobalSection
	GlobalSection(SolutionProperties) = preSolution
		HideSolutionNode = FALSE
	EndGlobalSection
EndGlobal
